
Microsoft Visual Studio Solution File, Format Version 12.00
# Visual Studio Version 17
VisualStudioVersion = 17.12.35527.113
MinimumVisualStudioVersion = 10.0.40219.1
Project("{FAE04EC0-301F-11D3-BF4B-00C04F79EFBC}") = "PREMIUM_6.0", "PREMIUM_6.0\PREMIUM_6.0.csproj", "{1FC6F1E4-B1E3-4AFC-A0E1-C47F1D3B76BD}"
EndProject
Global
	GlobalSection(SolutionConfigurationPlatforms) = preSolution
		Debug|Any CPU = Debug|Any CPU
		Release|Any CPU = Release|Any CPU
	EndGlobalSection
	GlobalSection(ProjectConfigurationPlatforms) = postSolution
		{1FC6F1E4-B1E3-4AFC-A0E1-C47F1D3B76BD}.Debug|Any CPU.ActiveCfg = Debug|Any CPU
		{1FC6F1E4-B1E3-4AFC-A0E1-C47F1D3B76BD}.Debug|Any CPU.Build.0 = Debug|Any CPU
		{1FC6F1E4-B1E3-4AFC-A0E1-C47F1D3B76BD}.Release|Any CPU.ActiveCfg = Release|Any CPU
		{1FC6F1E4-B1E3-4AFC-A0E1-C47F1D3B76BD}.Release|Any CPU.Build.0 = Release|Any CPU
	EndGlobalSection
	GlobalSection(SolutionProperties) = preSolution
		HideSolutionNode = FALSE
	EndGlobalSection
	GlobalSection(ExtensibilityGlobals) = postSolution
		SolutionGuid = {299D473F-573A-44E4-80E6-B893AC6C1B16}
	EndGlobalSection
EndGlobal
